
Microsoft Visual Studio Solution File, Format Version 12.00
# Visual Studio Version 16
VisualStudioVersion = 16.0.29215.179
MinimumVisualStudioVersion = 10.0.40219.1
Project("{9A19103F-16F7-4668-BE54-9A1E7A4F7556}") = "RemoteNotes.Server", "RemoteNotes.Server\RemoteNotes.Server.csproj", "{34E84E70-21C7-4576-A88B-0A1845E0A9F8}"
EndProject
Project("{9A19103F-16F7-4668-BE54-9A1E7A4F7556}") = "RemoteNotes.Service", "RemoteNotes.Service\RemoteNotes.Service.csproj", "{5E2BA04D-9784-495E-9C11-C28713C459DA}"
EndProject
Project("{9A19103F-16F7-4668-BE54-9A1E7A4F7556}") = "RemoteNotes.DAL", "RemoteNotes.DAL\RemoteNotes.DAL.csproj", "{50F904AA-6871-427D-8D0B-255F5C33E372}"
EndProject
Project("{9A19103F-16F7-4668-BE54-9A1E7A4F7556}") = "RemoteNotes.BLL.UseCases", "RemoteNotes.BLL.UseCases\RemoteNotes.BLL.UseCases.csproj", "{F16EF57A-6622-4BBE-B91A-9C21925FA795}"
EndProject
Project("{9A19103F-16F7-4668-BE54-9A1E7A4F7556}") = "RemoteNotes.DAL.Core", "RemoteNotes.DAL.Core\RemoteNotes.DAL.Core.csproj", "{A6DC1EF8-84AA-4FCE-805E-1C3818226108}"
EndProject
Project("{2150E333-8FDC-42A3-9474-1A3956D46DE8}") = "DAL", "DAL", "{574BFFC8-43E5-424C-8734-164CF157498D}"
EndProject
Project("{2150E333-8FDC-42A3-9474-1A3956D46DE8}") = "BLL", "BLL", "{2BD13FED-C4E6-426F-A088-5BCF86BE2ADD}"
EndProject
Project("{2150E333-8FDC-42A3-9474-1A3956D46DE8}") = "Service", "Service", "{DA74B304-4FFD-4020-942D-6ECE1E3D347C}"
EndProject
Project("{9A19103F-16F7-4668-BE54-9A1E7A4F7556}") = "RemoteNotes.BLL.Rules", "RemoteNotes.BLL.Rules\RemoteNotes.BLL.Rules.csproj", "{43B88A84-232C-4ED6-85AA-5118C893D691}"
EndProject
Project("{9A19103F-16F7-4668-BE54-9A1E7A4F7556}") = "RemoteNotes.BLL.DomainEvents", "RemoteNotes.BLL.DomainEvents\RemoteNotes.BLL.DomainEvents.csproj", "{EE4C2CF9-85FB-481F-B35B-EB56610DF634}"
EndProject
Project("{9A19103F-16F7-4668-BE54-9A1E7A4F7556}") = "RemoteNotes.BLL.Activities", "RemoteNotes.BLL.Activities\RemoteNotes.BLL.Activities.csproj", "{62918965-9C81-4B5A-8BF5-950A28D55C82}"
EndProject
Project("{2150E333-8FDC-42A3-9474-1A3956D46DE8}") = "Tests", "Tests", "{C3E79FA1-C80B-4141-AA70-291C12509DE0}"
EndProject
Project("{9A19103F-16F7-4668-BE54-9A1E7A4F7556}") = "RemoteNotes.DAL.Tests", "RemoteNotes.DAL.Tests\RemoteNotes.DAL.Tests.csproj", "{5F34DDB8-93D0-4D93-80A9-75018BE8AE86}"
EndProject
Project("{9A19103F-16F7-4668-BE54-9A1E7A4F7556}") = "RemoteNotes.BLL.Tests", "RemoteNotes.BLL.Tests\RemoteNotes.BLL.Tests.csproj", "{CB747DE9-8C2D-41BF-AC20-9408906E72B3}"
EndProject
Project("{9A19103F-16F7-4668-BE54-9A1E7A4F7556}") = "RemoteNotes.BLL.Contract", "RemoteNotes.BLL.Contract\RemoteNotes.BLL.Contract.csproj", "{A9838292-929F-4E14-AA0D-4888C108EEFC}"
EndProject
Project("{9A19103F-16F7-4668-BE54-9A1E7A4F7556}") = "RemoteNotes.DAL.Contract", "RemoteNotes.DAL.Contract\RemoteNotes.DAL.Contract.csproj", "{B9062DB8-8C93-46C8-9890-7A2293F18D9B}"
EndProject
Project("{9A19103F-16F7-4668-BE54-9A1E7A4F7556}") = "RemoteNotes.Service.Client", "RemoteNotes.Service.Client\RemoteNotes.Service.Client.csproj", "{C15CF60E-4C51-4B72-831D-CAB124A8489E}"
EndProject
Project("{9A19103F-16F7-4668-BE54-9A1E7A4F7556}") = "RemoteNotes.Service.Client.Contract", "RemoteNotes.Service.Client.Contract\RemoteNotes.Service.Client.Contract.csproj", "{6677064A-43F6-4914-8E3F-558C80A418BC}"
EndProject
Project("{9A19103F-16F7-4668-BE54-9A1E7A4F7556}") = "RemoteNotes.Service.Domain", "RemoteNotes.Service.Domain\RemoteNotes.Service.Domain.csproj", "{951F6CB7-30BD-4812-8DF7-665E5EB7932B}"
EndProject
Project("{9A19103F-16F7-4668-BE54-9A1E7A4F7556}") = "RemoteNotes.Service.Client.UAT", "RemoteNotes.Service.Client.UAT\RemoteNotes.Service.Client.UAT.csproj", "{8C24D720-2E2D-4B02-A64C-1907FC5A6CD5}"
EndProject
Global
	GlobalSection(SolutionConfigurationPlatforms) = preSolution
		Debug|Any CPU = Debug|Any CPU
		Release|Any CPU = Release|Any CPU
	EndGlobalSection
	GlobalSection(ProjectConfigurationPlatforms) = postSolution
		{34E84E70-21C7-4576-A88B-0A1845E0A9F8}.Debug|Any CPU.ActiveCfg = Debug|Any CPU
		{34E84E70-21C7-4576-A88B-0A1845E0A9F8}.Debug|Any CPU.Build.0 = Debug|Any CPU
		{34E84E70-21C7-4576-A88B-0A1845E0A9F8}.Release|Any CPU.ActiveCfg = Release|Any CPU
		{34E84E70-21C7-4576-A88B-0A1845E0A9F8}.Release|Any CPU.Build.0 = Release|Any CPU
		{5E2BA04D-9784-495E-9C11-C28713C459DA}.Debug|Any CPU.ActiveCfg = Debug|Any CPU
		{5E2BA04D-9784-495E-9C11-C28713C459DA}.Debug|Any CPU.Build.0 = Debug|Any CPU
		{5E2BA04D-9784-495E-9C11-C28713C459DA}.Release|Any CPU.ActiveCfg = Release|Any CPU
		{5E2BA04D-9784-495E-9C11-C28713C459DA}.Release|Any CPU.Build.0 = Release|Any CPU
		{50F904AA-6871-427D-8D0B-255F5C33E372}.Debug|Any CPU.ActiveCfg = Debug|Any CPU
		{50F904AA-6871-427D-8D0B-255F5C33E372}.Debug|Any CPU.Build.0 = Debug|Any CPU
		{50F904AA-6871-427D-8D0B-255F5C33E372}.Release|Any CPU.ActiveCfg = Release|Any CPU
		{50F904AA-6871-427D-8D0B-255F5C33E372}.Release|Any CPU.Build.0 = Release|Any CPU
		{F16EF57A-6622-4BBE-B91A-9C21925FA795}.Debug|Any CPU.ActiveCfg = Debug|Any CPU
		{F16EF57A-6622-4BBE-B91A-9C21925FA795}.Debug|Any CPU.Build.0 = Debug|Any CPU
		{F16EF57A-6622-4BBE-B91A-9C21925FA795}.Release|Any CPU.ActiveCfg = Release|Any CPU
		{F16EF57A-6622-4BBE-B91A-9C21925FA795}.Release|Any CPU.Build.0 = Release|Any CPU
		{A6DC1EF8-84AA-4FCE-805E-1C3818226108}.Debug|Any CPU.ActiveCfg = Debug|Any CPU
		{A6DC1EF8-84AA-4FCE-805E-1C3818226108}.Debug|Any CPU.Build.0 = Debug|Any CPU
		{A6DC1EF8-84AA-4FCE-805E-1C3818226108}.Release|Any CPU.ActiveCfg = Release|Any CPU
		{A6DC1EF8-84AA-4FCE-805E-1C3818226108}.Release|Any CPU.Build.0 = Release|Any CPU
		{43B88A84-232C-4ED6-85AA-5118C893D691}.Debug|Any CPU.ActiveCfg = Debug|Any CPU
		{43B88A84-232C-4ED6-85AA-5118C893D691}.Debug|Any CPU.Build.0 = Debug|Any CPU
		{43B88A84-232C-4ED6-85AA-5118C893D691}.Release|Any CPU.ActiveCfg = Release|Any CPU
		{43B88A84-232C-4ED6-85AA-5118C893D691}.Release|Any CPU.Build.0 = Release|Any CPU
		{EE4C2CF9-85FB-481F-B35B-EB56610DF634}.Debug|Any CPU.ActiveCfg = Debug|Any CPU
		{EE4C2CF9-85FB-481F-B35B-EB56610DF634}.Debug|Any CPU.Build.0 = Debug|Any CPU
		{EE4C2CF9-85FB-481F-B35B-EB56610DF634}.Release|Any CPU.ActiveCfg = Release|Any CPU
		{EE4C2CF9-85FB-481F-B35B-EB56610DF634}.Release|Any CPU.Build.0 = Release|Any CPU
		{62918965-9C81-4B5A-8BF5-950A28D55C82}.Debug|Any CPU.ActiveCfg = Debug|Any CPU
		{62918965-9C81-4B5A-8BF5-950A28D55C82}.Debug|Any CPU.Build.0 = Debug|Any CPU
		{62918965-9C81-4B5A-8BF5-950A28D55C82}.Release|Any CPU.ActiveCfg = Release|Any CPU
		{62918965-9C81-4B5A-8BF5-950A28D55C82}.Release|Any CPU.Build.0 = Release|Any CPU
		{5F34DDB8-93D0-4D93-80A9-75018BE8AE86}.Debug|Any CPU.ActiveCfg = Debug|Any CPU
		{5F34DDB8-93D0-4D93-80A9-75018BE8AE86}.Debug|Any CPU.Build.0 = Debug|Any CPU
		{5F34DDB8-93D0-4D93-80A9-75018BE8AE86}.Release|Any CPU.ActiveCfg = Release|Any CPU
		{5F34DDB8-93D0-4D93-80A9-75018BE8AE86}.Release|Any CPU.Build.0 = Release|Any CPU
		{CB747DE9-8C2D-41BF-AC20-9408906E72B3}.Debug|Any CPU.ActiveCfg = Debug|Any CPU
		{CB747DE9-8C2D-41BF-AC20-9408906E72B3}.Debug|Any CPU.Build.0 = Debug|Any CPU
		{CB747DE9-8C2D-41BF-AC20-9408906E72B3}.Release|Any CPU.ActiveCfg = Release|Any CPU
		{CB747DE9-8C2D-41BF-AC20-9408906E72B3}.Release|Any CPU.Build.0 = Release|Any CPU
		{A9838292-929F-4E14-AA0D-4888C108EEFC}.Debug|Any CPU.ActiveCfg = Debug|Any CPU
		{A9838292-929F-4E14-AA0D-4888C108EEFC}.Debug|Any CPU.Build.0 = Debug|Any CPU
		{A9838292-929F-4E14-AA0D-4888C108EEFC}.Release|Any CPU.ActiveCfg = Release|Any CPU
		{A9838292-929F-4E14-AA0D-4888C108EEFC}.Release|Any CPU.Build.0 = Release|Any CPU
		{B9062DB8-8C93-46C8-9890-7A2293F18D9B}.Debug|Any CPU.ActiveCfg = Debug|Any CPU
		{B9062DB8-8C93-46C8-9890-7A2293F18D9B}.Debug|Any CPU.Build.0 = Debug|Any CPU
		{B9062DB8-8C93-46C8-9890-7A2293F18D9B}.Release|Any CPU.ActiveCfg = Release|Any CPU
		{B9062DB8-8C93-46C8-9890-7A2293F18D9B}.Release|Any CPU.Build.0 = Release|Any CPU
		{C15CF60E-4C51-4B72-831D-CAB124A8489E}.Debug|Any CPU.ActiveCfg = Debug|Any CPU
		{C15CF60E-4C51-4B72-831D-CAB124A8489E}.Debug|Any CPU.Build.0 = Debug|Any CPU
		{C15CF60E-4C51-4B72-831D-CAB124A8489E}.Release|Any CPU.ActiveCfg = Release|Any CPU
		{C15CF60E-4C51-4B72-831D-CAB124A8489E}.Release|Any CPU.Build.0 = Release|Any CPU
		{6677064A-43F6-4914-8E3F-558C80A418BC}.Debug|Any CPU.ActiveCfg = Debug|Any CPU
		{6677064A-43F6-4914-8E3F-558C80A418BC}.Debug|Any CPU.Build.0 = Debug|Any CPU
		{6677064A-43F6-4914-8E3F-558C80A418BC}.Release|Any CPU.ActiveCfg = Release|Any CPU
		{6677064A-43F6-4914-8E3F-558C80A418BC}.Release|Any CPU.Build.0 = Release|Any CPU
		{951F6CB7-30BD-4812-8DF7-665E5EB7932B}.Debug|Any CPU.ActiveCfg = Debug|Any CPU
		{951F6CB7-30BD-4812-8DF7-665E5EB7932B}.Debug|Any CPU.Build.0 = Debug|Any CPU
		{951F6CB7-30BD-4812-8DF7-665E5EB7932B}.Release|Any CPU.ActiveCfg = Release|Any CPU
		{951F6CB7-30BD-4812-8DF7-665E5EB7932B}.Release|Any CPU.Build.0 = Release|Any CPU
		{8C24D720-2E2D-4B02-A64C-1907FC5A6CD5}.Debug|Any CPU.ActiveCfg = Debug|Any CPU
		{8C24D720-2E2D-4B02-A64C-1907FC5A6CD5}.Debug|Any CPU.Build.0 = Debug|Any CPU
		{8C24D720-2E2D-4B02-A64C-1907FC5A6CD5}.Release|Any CPU.ActiveCfg = Release|Any CPU
		{8C24D720-2E2D-4B02-A64C-1907FC5A6CD5}.Release|Any CPU.Build.0 = Release|Any CPU
	EndGlobalSection
	GlobalSection(SolutionProperties) = preSolution
		HideSolutionNode = FALSE
	EndGlobalSection
	GlobalSection(NestedProjects) = preSolution
		{5E2BA04D-9784-495E-9C11-C28713C459DA} = {DA74B304-4FFD-4020-942D-6ECE1E3D347C}
		{50F904AA-6871-427D-8D0B-255F5C33E372} = {574BFFC8-43E5-424C-8734-164CF157498D}
		{F16EF57A-6622-4BBE-B91A-9C21925FA795} = {2BD13FED-C4E6-426F-A088-5BCF86BE2ADD}
		{A6DC1EF8-84AA-4FCE-805E-1C3818226108} = {574BFFC8-43E5-424C-8734-164CF157498D}
		{43B88A84-232C-4ED6-85AA-5118C893D691} = {2BD13FED-C4E6-426F-A088-5BCF86BE2ADD}
		{EE4C2CF9-85FB-481F-B35B-EB56610DF634} = {2BD13FED-C4E6-426F-A088-5BCF86BE2ADD}
		{62918965-9C81-4B5A-8BF5-950A28D55C82} = {2BD13FED-C4E6-426F-A088-5BCF86BE2ADD}
		{5F34DDB8-93D0-4D93-80A9-75018BE8AE86} = {C3E79FA1-C80B-4141-AA70-291C12509DE0}
		{CB747DE9-8C2D-41BF-AC20-9408906E72B3} = {C3E79FA1-C80B-4141-AA70-291C12509DE0}
		{A9838292-929F-4E14-AA0D-4888C108EEFC} = {2BD13FED-C4E6-426F-A088-5BCF86BE2ADD}
		{B9062DB8-8C93-46C8-9890-7A2293F18D9B} = {574BFFC8-43E5-424C-8734-164CF157498D}
		{C15CF60E-4C51-4B72-831D-CAB124A8489E} = {DA74B304-4FFD-4020-942D-6ECE1E3D347C}
		{6677064A-43F6-4914-8E3F-558C80A418BC} = {DA74B304-4FFD-4020-942D-6ECE1E3D347C}
		{951F6CB7-30BD-4812-8DF7-665E5EB7932B} = {DA74B304-4FFD-4020-942D-6ECE1E3D347C}
		{8C24D720-2E2D-4B02-A64C-1907FC5A6CD5} = {C3E79FA1-C80B-4141-AA70-291C12509DE0}
	EndGlobalSection
	GlobalSection(ExtensibilityGlobals) = postSolution
		SolutionGuid = {C9EEFB52-7C8C-416D-8990-98024CB15C4C}
	EndGlobalSection
EndGlobal
